
Microsoft Visual Studio Solution File, Format Version 12.00
# Visual Studio Version 17
VisualStudioVersion = 17.7.34009.444
MinimumVisualStudioVersion = 10.0.40219.1
Project("{FAE04EC0-301F-11D3-BF4B-00C04F79EFBC}") = "ReflectionPackTest", "ReflectionPackTest\ReflectionPackTest.csproj", "{0EEEB7A7-639F-4853-8CE7-9076D67B272B}"
EndProject
Project("{FAE04EC0-301F-11D3-BF4B-00C04F79EFBC}") = "ReflectionLoadTest", "ReflectionLoadTest\ReflectionLoadTest.csproj", "{04ECA56A-F7C9-4BF2-9E44-5617E8840568}"
EndProject
Global
	GlobalSection(SolutionConfigurationPlatforms) = preSolution
		Debug|Any CPU = Debug|Any CPU
		Release|Any CPU = Release|Any CPU
	EndGlobalSection
	GlobalSection(ProjectConfigurationPlatforms) = postSolution
		{0EEEB7A7-639F-4853-8CE7-9076D67B272B}.Debug|Any CPU.ActiveCfg = Debug|Any CPU
		{0EEEB7A7-639F-4853-8CE7-9076D67B272B}.Debug|Any CPU.Build.0 = Debug|Any CPU
		{0EEEB7A7-639F-4853-8CE7-9076D67B272B}.Release|Any CPU.ActiveCfg = Release|Any CPU
		{0EEEB7A7-639F-4853-8CE7-9076D67B272B}.Release|Any CPU.Build.0 = Release|Any CPU
		{04ECA56A-F7C9-4BF2-9E44-5617E8840568}.Debug|Any CPU.ActiveCfg = Debug|Any CPU
		{04ECA56A-F7C9-4BF2-9E44-5617E8840568}.Debug|Any CPU.Build.0 = Debug|Any CPU
		{04ECA56A-F7C9-4BF2-9E44-5617E8840568}.Release|Any CPU.ActiveCfg = Release|Any CPU
		{04ECA56A-F7C9-4BF2-9E44-5617E8840568}.Release|Any CPU.Build.0 = Release|Any CPU
	EndGlobalSection
	GlobalSection(SolutionProperties) = preSolution
		HideSolutionNode = FALSE
	EndGlobalSection
	GlobalSection(ExtensibilityGlobals) = postSolution
		SolutionGuid = {FC4A2E38-D34B-4D79-AEA8-161E07F1DF46}
	EndGlobalSection
EndGlobal
